
Microsoft Visual Studio Solution File, Format Version 12.00
# Visual Studio Version 17
VisualStudioVersion = 17.4.33122.133
MinimumVisualStudioVersion = 10.0.40219.1
Project("{FAE04EC0-301F-11D3-BF4B-00C04F79EFBC}") = "Console_Read_JSON1", "Console_Read_JSON1\Console_Read_JSON1.csproj", "{96EC106B-ACBC-4CA0-BF49-CF198C4AD168}"
EndProject
Global
	GlobalSection(SolutionConfigurationPlatforms) = preSolution
		Debug|Any CPU = Debug|Any CPU
		Release|Any CPU = Release|Any CPU
	EndGlobalSection
	GlobalSection(ProjectConfigurationPlatforms) = postSolution
		{96EC106B-ACBC-4CA0-BF49-CF198C4AD168}.Debug|Any CPU.ActiveCfg = Debug|Any CPU
		{96EC106B-ACBC-4CA0-BF49-CF198C4AD168}.Debug|Any CPU.Build.0 = Debug|Any CPU
		{96EC106B-ACBC-4CA0-BF49-CF198C4AD168}.Release|Any CPU.ActiveCfg = Release|Any CPU
		{96EC106B-ACBC-4CA0-BF49-CF198C4AD168}.Release|Any CPU.Build.0 = Release|Any CPU
	EndGlobalSection
	GlobalSection(SolutionProperties) = preSolution
		HideSolutionNode = FALSE
	EndGlobalSection
	GlobalSection(ExtensibilityGlobals) = postSolution
		SolutionGuid = {709263DF-845C-471D-A8EF-336ABED2CA88}
	EndGlobalSection
EndGlobal
