
Microsoft Visual Studio Solution File, Format Version 12.00
# Visual Studio Version 17
VisualStudioVersion = 17.4.33122.133
MinimumVisualStudioVersion = 10.0.40219.1
Project("{FAE04EC0-301F-11D3-BF4B-00C04F79EFBC}") = "Console_Read_JSON", "Console_Read_JSON\Console_Read_JSON.csproj", "{74AC36A2-D87C-4043-A52B-DA12FA551637}"
EndProject
Global
	GlobalSection(SolutionConfigurationPlatforms) = preSolution
		Debug|Any CPU = Debug|Any CPU
		Release|Any CPU = Release|Any CPU
	EndGlobalSection
	GlobalSection(ProjectConfigurationPlatforms) = postSolution
		{74AC36A2-D87C-4043-A52B-DA12FA551637}.Debug|Any CPU.ActiveCfg = Debug|Any CPU
		{74AC36A2-D87C-4043-A52B-DA12FA551637}.Debug|Any CPU.Build.0 = Debug|Any CPU
		{74AC36A2-D87C-4043-A52B-DA12FA551637}.Release|Any CPU.ActiveCfg = Release|Any CPU
		{74AC36A2-D87C-4043-A52B-DA12FA551637}.Release|Any CPU.Build.0 = Release|Any CPU
	EndGlobalSection
	GlobalSection(SolutionProperties) = preSolution
		HideSolutionNode = FALSE
	EndGlobalSection
	GlobalSection(ExtensibilityGlobals) = postSolution
		SolutionGuid = {50762D36-2E40-4B00-AED4-FE2AE2698D40}
	EndGlobalSection
EndGlobal
